PODS:
  - fastpay_merchant (1.0.3):
    - Flutter
  - Flutter (1.0.0)

DEPENDENCIES:
  - fastpay_merchant (from `.symlinks/plugins/fastpay_merchant/ios`)
  - Flutter (from `Flutter`)

EXTERNAL SOURCES:
  fastpay_merchant:
    :path: ".symlinks/plugins/fastpay_merchant/ios"
  Flutter:
    :path: Flutter

SPEC CHECKSUMS:
  fastpay_merchant: 0c74eeb409e538516cd241adc2e8b487173fb83e
  Flutter: e0871f40cf51350855a761d2e70bf5af5b9b5de7

PODFILE CHECKSUM: bf1a3435c3a0c3fbc3f8a28916628dec280c26a2

COCOAPODS: 1.14.2
